
Microsoft Visual Studio Solution File, Format Version 12.00
# Visual Studio 15
VisualStudioVersion = 15.0.28016.0
MinimumVisualStudioVersion = 10.0.40219.1
Project("{FAE04EC0-301F-11D3-BF4B-00C04F79EFBC}") = "RadButton.Android", "RadButton\RadButton.Android\RadButton.Android.csproj", "{FD642A23-A339-4300-BBAA-A7E6DC01C87A}"
EndProject
Project("{FAE04EC0-301F-11D3-BF4B-00C04F79EFBC}") = "RadButton.iOS", "RadButton\RadButton.iOS\RadButton.iOS.csproj", "{0FFC1AAC-B837-420B-9318-14F2CA3B9B37}"
EndProject
Project("{FAE04EC0-301F-11D3-BF4B-00C04F79EFBC}") = "RadButton", "RadButton\RadButton\RadButton.csproj", "{28158539-B10B-4275-B955-7FFBC859AD9E}"
EndProject
Global
	GlobalSection(SolutionConfigurationPlatforms) = preSolution
		Ad-Hoc|Any CPU = Ad-Hoc|Any CPU
		Ad-Hoc|iPhone = Ad-Hoc|iPhone
		Ad-Hoc|iPhoneSimulator = Ad-Hoc|iPhoneSimulator
		AppStore|Any CPU = AppStore|Any CPU
		AppStore|iPhone = AppStore|iPhone
		AppStore|iPhoneSimulator = AppStore|iPhoneSimulator
		Debug|Any CPU = Debug|Any CPU
		Debug|iPhone = Debug|iPhone
		Debug|iPhoneSimulator = Debug|iPhoneSimulator
		Release|Any CPU = Release|Any CPU
		Release|iPhone = Release|iPhone
		Release|iPhoneSimulator = Release|iPhoneSimulator
	EndGlobalSection
	GlobalSection(ProjectConfigurationPlatforms) = postSolution
		{FD642A23-A339-4300-BBAA-A7E6DC01C87A}.Ad-Hoc|Any CPU.ActiveCfg = Release|Any CPU
		{FD642A23-A339-4300-BBAA-A7E6DC01C87A}.Ad-Hoc|Any CPU.Build.0 = Release|Any CPU
		{FD642A23-A339-4300-BBAA-A7E6DC01C87A}.Ad-Hoc|Any CPU.Deploy.0 = Release|Any CPU
		{FD642A23-A339-4300-BBAA-A7E6DC01C87A}.Ad-Hoc|iPhone.ActiveCfg = Release|Any CPU
		{FD642A23-A339-4300-BBAA-A7E6DC01C87A}.Ad-Hoc|iPhone.Build.0 = Release|Any CPU
		{FD642A23-A339-4300-BBAA-A7E6DC01C87A}.Ad-Hoc|iPhone.Deploy.0 = Release|Any CPU
		{FD642A23-A339-4300-BBAA-A7E6DC01C87A}.Ad-Hoc|iPhoneSimulator.ActiveCfg = Release|Any CPU
		{FD642A23-A339-4300-BBAA-A7E6DC01C87A}.Ad-Hoc|iPhoneSimulator.Build.0 = Release|Any CPU
		{FD642A23-A339-4300-BBAA-A7E6DC01C87A}.Ad-Hoc|iPhoneSimulator.Deploy.0 = Release|Any CPU
		{FD642A23-A339-4300-BBAA-A7E6DC01C87A}.AppStore|Any CPU.ActiveCfg = Release|Any CPU
		{FD642A23-A339-4300-BBAA-A7E6DC01C87A}.AppStore|Any CPU.Build.0 = Release|Any CPU
		{FD642A23-A339-4300-BBAA-A7E6DC01C87A}.AppStore|Any CPU.Deploy.0 = Release|Any CPU
		{FD642A23-A339-4300-BBAA-A7E6DC01C87A}.AppStore|iPhone.ActiveCfg = Release|Any CPU
		{FD642A23-A339-4300-BBAA-A7E6DC01C87A}.AppStore|iPhone.Build.0 = Release|Any CPU
		{FD642A23-A339-4300-BBAA-A7E6DC01C87A}.AppStore|iPhone.Deploy.0 = Release|Any CPU
		{FD642A23-A339-4300-BBAA-A7E6DC01C87A}.AppStore|iPhoneSimulator.ActiveCfg = Release|Any CPU
		{FD642A23-A339-4300-BBAA-A7E6DC01C87A}.AppStore|iPhoneSimulator.Build.0 = Release|Any CPU
		{FD642A23-A339-4300-BBAA-A7E6DC01C87A}.AppStore|iPhoneSimulator.Deploy.0 = Release|Any CPU
		{FD642A23-A339-4300-BBAA-A7E6DC01C87A}.Debug|Any CPU.ActiveCfg = Debug|Any CPU
		{FD642A23-A339-4300-BBAA-A7E6DC01C87A}.Debug|Any CPU.Build.0 = Debug|Any CPU
		{FD642A23-A339-4300-BBAA-A7E6DC01C87A}.Debug|Any CPU.Deploy.0 = Debug|Any CPU
		{FD642A23-A339-4300-BBAA-A7E6DC01C87A}.Debug|iPhone.ActiveCfg = Debug|Any CPU
		{FD642A23-A339-4300-BBAA-A7E6DC01C87A}.Debug|iPhone.Build.0 = Debug|Any CPU
		{FD642A23-A339-4300-BBAA-A7E6DC01C87A}.Debug|iPhone.Deploy.0 = Debug|Any CPU
		{FD642A23-A339-4300-BBAA-A7E6DC01C87A}.Debug|iPhoneSimulator.ActiveCfg = Debug|Any CPU
		{FD642A23-A339-4300-BBAA-A7E6DC01C87A}.Debug|iPhoneSimulator.Build.0 = Debug|Any CPU
		{FD642A23-A339-4300-BBAA-A7E6DC01C87A}.Debug|iPhoneSimulator.Deploy.0 = Debug|Any CPU
		{FD642A23-A339-4300-BBAA-A7E6DC01C87A}.Release|Any CPU.ActiveCfg = Release|Any CPU
		{FD642A23-A339-4300-BBAA-A7E6DC01C87A}.Release|Any CPU.Build.0 = Release|Any CPU
		{FD642A23-A339-4300-BBAA-A7E6DC01C87A}.Release|Any CPU.Deploy.0 = Release|Any CPU
		{FD642A23-A339-4300-BBAA-A7E6DC01C87A}.Release|iPhone.ActiveCfg = Release|Any CPU
		{FD642A23-A339-4300-BBAA-A7E6DC01C87A}.Release|iPhone.Build.0 = Release|Any CPU
		{FD642A23-A339-4300-BBAA-A7E6DC01C87A}.Release|iPhone.Deploy.0 = Release|Any CPU
		{FD642A23-A339-4300-BBAA-A7E6DC01C87A}.Release|iPhoneSimulator.ActiveCfg = Release|Any CPU
		{FD642A23-A339-4300-BBAA-A7E6DC01C87A}.Release|iPhoneSimulator.Build.0 = Release|Any CPU
		{FD642A23-A339-4300-BBAA-A7E6DC01C87A}.Release|iPhoneSimulator.Deploy.0 = Release|Any CPU
		{0FFC1AAC-B837-420B-9318-14F2CA3B9B37}.Ad-Hoc|Any CPU.ActiveCfg = Ad-Hoc|iPhone
		{0FFC1AAC-B837-420B-9318-14F2CA3B9B37}.Ad-Hoc|Any CPU.Build.0 = Ad-Hoc|iPhone
		{0FFC1AAC-B837-420B-9318-14F2CA3B9B37}.Ad-Hoc|Any CPU.Deploy.0 = Ad-Hoc|iPhone
		{0FFC1AAC-B837-420B-9318-14F2CA3B9B37}.Ad-Hoc|iPhone.ActiveCfg = Ad-Hoc|iPhone
		{0FFC1AAC-B837-420B-9318-14F2CA3B9B37}.Ad-Hoc|iPhone.Build.0 = Ad-Hoc|iPhone
		{0FFC1AAC-B837-420B-9318-14F2CA3B9B37}.Ad-Hoc|iPhone.Deploy.0 = Ad-Hoc|iPhone
		{0FFC1AAC-B837-420B-9318-14F2CA3B9B37}.Ad-Hoc|iPhoneSimulator.ActiveCfg = Ad-Hoc|iPhoneSimulator
		{0FFC1AAC-B837-420B-9318-14F2CA3B9B37}.Ad-Hoc|iPhoneSimulator.Build.0 = Ad-Hoc|iPhoneSimulator
		{0FFC1AAC-B837-420B-9318-14F2CA3B9B37}.Ad-Hoc|iPhoneSimulator.Deploy.0 = Ad-Hoc|iPhoneSimulator
		{0FFC1AAC-B837-420B-9318-14F2CA3B9B37}.AppStore|Any CPU.ActiveCfg = AppStore|iPhone
		{0FFC1AAC-B837-420B-9318-14F2CA3B9B37}.AppStore|Any CPU.Build.0 = AppStore|iPhone
		{0FFC1AAC-B837-420B-9318-14F2CA3B9B37}.AppStore|Any CPU.Deploy.0 = AppStore|iPhone
		{0FFC1AAC-B837-420B-9318-14F2CA3B9B37}.AppStore|iPhone.ActiveCfg = AppStore|iPhone
		{0FFC1AAC-B837-420B-9318-14F2CA3B9B37}.AppStore|iPhone.Build.0 = AppStore|iPhone
		{0FFC1AAC-B837-420B-9318-14F2CA3B9B37}.AppStore|iPhone.Deploy.0 = AppStore|iPhone
		{0FFC1AAC-B837-420B-9318-14F2CA3B9B37}.AppStore|iPhoneSimulator.ActiveCfg = AppStore|iPhoneSimulator
		{0FFC1AAC-B837-420B-9318-14F2CA3B9B37}.AppStore|iPhoneSimulator.Build.0 = AppStore|iPhoneSimulator
		{0FFC1AAC-B837-420B-9318-14F2CA3B9B37}.AppStore|iPhoneSimulator.Deploy.0 = AppStore|iPhoneSimulator
		{0FFC1AAC-B837-420B-9318-14F2CA3B9B37}.Debug|Any CPU.ActiveCfg = Debug|iPhoneSimulator
		{0FFC1AAC-B837-420B-9318-14F2CA3B9B37}.Debug|Any CPU.Build.0 = Debug|iPhoneSimulator
		{0FFC1AAC-B837-420B-9318-14F2CA3B9B37}.Debug|Any CPU.Deploy.0 = Debug|iPhoneSimulator
		{0FFC1AAC-B837-420B-9318-14F2CA3B9B37}.Debug|iPhone.ActiveCfg = Debug|iPhone
		{0FFC1AAC-B837-420B-9318-14F2CA3B9B37}.Debug|iPhone.Build.0 = Debug|iPhone
		{0FFC1AAC-B837-420B-9318-14F2CA3B9B37}.Debug|iPhone.Deploy.0 = Debug|iPhone
		{0FFC1AAC-B837-420B-9318-14F2CA3B9B37}.Debug|iPhoneSimulator.ActiveCfg = Debug|iPhoneSimulator
		{0FFC1AAC-B837-420B-9318-14F2CA3B9B37}.Debug|iPhoneSimulator.Build.0 = Debug|iPhoneSimulator
		{0FFC1AAC-B837-420B-9318-14F2CA3B9B37}.Debug|iPhoneSimulator.Deploy.0 = Debug|iPhoneSimulator
		{0FFC1AAC-B837-420B-9318-14F2CA3B9B37}.Release|Any CPU.ActiveCfg = Release|iPhone
		{0FFC1AAC-B837-420B-9318-14F2CA3B9B37}.Release|Any CPU.Build.0 = Release|iPhone
		{0FFC1AAC-B837-420B-9318-14F2CA3B9B37}.Release|Any CPU.Deploy.0 = Release|iPhone
		{0FFC1AAC-B837-420B-9318-14F2CA3B9B37}.Release|iPhone.ActiveCfg = Release|iPhone
		{0FFC1AAC-B837-420B-9318-14F2CA3B9B37}.Release|iPhone.Build.0 = Release|iPhone
		{0FFC1AAC-B837-420B-9318-14F2CA3B9B37}.Release|iPhone.Deploy.0 = Release|iPhone
		{0FFC1AAC-B837-420B-9318-14F2CA3B9B37}.Release|iPhoneSimulator.ActiveCfg = Release|iPhoneSimulator
		{0FFC1AAC-B837-420B-9318-14F2CA3B9B37}.Release|iPhoneSimulator.Build.0 = Release|iPhoneSimulator
		{0FFC1AAC-B837-420B-9318-14F2CA3B9B37}.Release|iPhoneSimulator.Deploy.0 = Release|iPhoneSimulator
		{28158539-B10B-4275-B955-7FFBC859AD9E}.Ad-Hoc|Any CPU.ActiveCfg = Debug|Any CPU
		{28158539-B10B-4275-B955-7FFBC859AD9E}.Ad-Hoc|Any CPU.Build.0 = Debug|Any CPU
		{28158539-B10B-4275-B955-7FFBC859AD9E}.Ad-Hoc|Any CPU.Deploy.0 = Debug|Any CPU
		{28158539-B10B-4275-B955-7FFBC859AD9E}.Ad-Hoc|iPhone.ActiveCfg = Debug|Any CPU
		{28158539-B10B-4275-B955-7FFBC859AD9E}.Ad-Hoc|iPhone.Build.0 = Debug|Any CPU
		{28158539-B10B-4275-B955-7FFBC859AD9E}.Ad-Hoc|iPhone.Deploy.0 = Debug|Any CPU
		{28158539-B10B-4275-B955-7FFBC859AD9E}.Ad-Hoc|iPhoneSimulator.ActiveCfg = Debug|Any CPU
		{28158539-B10B-4275-B955-7FFBC859AD9E}.Ad-Hoc|iPhoneSimulator.Build.0 = Debug|Any CPU
		{28158539-B10B-4275-B955-7FFBC859AD9E}.Ad-Hoc|iPhoneSimulator.Deploy.0 = Debug|Any CPU
		{28158539-B10B-4275-B955-7FFBC859AD9E}.AppStore|Any CPU.ActiveCfg = Debug|Any CPU
		{28158539-B10B-4275-B955-7FFBC859AD9E}.AppStore|Any CPU.Build.0 = Debug|Any CPU
		{28158539-B10B-4275-B955-7FFBC859AD9E}.AppStore|Any CPU.Deploy.0 = Debug|Any CPU
		{28158539-B10B-4275-B955-7FFBC859AD9E}.AppStore|iPhone.ActiveCfg = Debug|Any CPU
		{28158539-B10B-4275-B955-7FFBC859AD9E}.AppStore|iPhone.Build.0 = Debug|Any CPU
		{28158539-B10B-4275-B955-7FFBC859AD9E}.AppStore|iPhone.Deploy.0 = Debug|Any CPU
		{28158539-B10B-4275-B955-7FFBC859AD9E}.AppStore|iPhoneSimulator.ActiveCfg = Debug|Any CPU
		{28158539-B10B-4275-B955-7FFBC859AD9E}.AppStore|iPhoneSimulator.Build.0 = Debug|Any CPU
		{28158539-B10B-4275-B955-7FFBC859AD9E}.AppStore|iPhoneSimulator.Deploy.0 = Debug|Any CPU
		{28158539-B10B-4275-B955-7FFBC859AD9E}.Debug|Any CPU.ActiveCfg = Debug|Any CPU
		{28158539-B10B-4275-B955-7FFBC859AD9E}.Debug|Any CPU.Build.0 = Debug|Any CPU
		{28158539-B10B-4275-B955-7FFBC859AD9E}.Debug|Any CPU.Deploy.0 = Debug|Any CPU
		{28158539-B10B-4275-B955-7FFBC859AD9E}.Debug|iPhone.ActiveCfg = Debug|Any CPU
		{28158539-B10B-4275-B955-7FFBC859AD9E}.Debug|iPhone.Build.0 = Debug|Any CPU
		{28158539-B10B-4275-B955-7FFBC859AD9E}.Debug|iPhone.Deploy.0 = Debug|Any CPU
		{28158539-B10B-4275-B955-7FFBC859AD9E}.Debug|iPhoneSimulator.ActiveCfg = Debug|Any CPU
		{28158539-B10B-4275-B955-7FFBC859AD9E}.Debug|iPhoneSimulator.Build.0 = Debug|Any CPU
		{28158539-B10B-4275-B955-7FFBC859AD9E}.Debug|iPhoneSimulator.Deploy.0 = Debug|Any CPU
		{28158539-B10B-4275-B955-7FFBC859AD9E}.Release|Any CPU.ActiveCfg = Release|Any CPU
		{28158539-B10B-4275-B955-7FFBC859AD9E}.Release|Any CPU.Build.0 = Release|Any CPU
		{28158539-B10B-4275-B955-7FFBC859AD9E}.Release|Any CPU.Deploy.0 = Release|Any CPU
		{28158539-B10B-4275-B955-7FFBC859AD9E}.Release|iPhone.ActiveCfg = Release|Any CPU
		{28158539-B10B-4275-B955-7FFBC859AD9E}.Release|iPhone.Build.0 = Release|Any CPU
		{28158539-B10B-4275-B955-7FFBC859AD9E}.Release|iPhone.Deploy.0 = Release|Any CPU
		{28158539-B10B-4275-B955-7FFBC859AD9E}.Release|iPhoneSimulator.ActiveCfg = Release|Any CPU
		{28158539-B10B-4275-B955-7FFBC859AD9E}.Release|iPhoneSimulator.Build.0 = Release|Any CPU
		{28158539-B10B-4275-B955-7FFBC859AD9E}.Release|iPhoneSimulator.Deploy.0 = Release|Any CPU
	EndGlobalSection
	GlobalSection(SolutionProperties) = preSolution
		HideSolutionNode = FALSE
	EndGlobalSection
	GlobalSection(ExtensibilityGlobals) = postSolution
		SolutionGuid = {08DD6A10-96AB-46C9-8395-E50AFE5522D7}
	EndGlobalSection
EndGlobal
